{
  "name": "core-reference",
  "lockfileVersion": 3,
  "requires": true,
  "packages": {
    "": {
      "dependencies": {
        "@exodus/bip32": "^4.3.0",
        "@exodus/bip39": "^1.1.0",
        "@exodus/crypto": "^1.0.0-rc.34",
        "@exodus/key-utils": "^4.1.0",
        "@exodus/keychain": "^12.0.0"
      }
    },
    "node_modules/@exodus/basic-utils": {
      "version": "5.2.0",
      "resolved": "https://registry.npmjs.org/@exodus/basic-utils/-/basic-utils-5.2.0.tgz",
      "integrity": "sha512-bCADaV/rMLMyKOAO10ER2ooiVMBR/ugKGc7DMBA+aEJVCcZKGotVnYoxLmvCejJ702Ag3IbNZWvbZ1oo7cM8pw==",
      "license": "MIT",
      "dependencies": {
        "@exodus/synchronized-time": "^1.0.0",
        "make-concurrent": "^5.4.0",
        "minimalistic-assert": "^1.0.1"
      }
    },
    "node_modules/@exodus/bip32": {
      "version": "4.3.0",
      "resolved": "https://registry.npmjs.org/@exodus/bip32/-/bip32-4.3.0.tgz",
      "integrity": "sha512-LXUxETSJCGcJARQECcMnqiAKisSnx5TSfIgCpF5DqNnyrZqXrlWDiweurgg7uIGvSMXQyZaY0l3U3hEQspinAQ==",
      "license": "MIT",
      "dependencies": {
        "@exodus/basic-utils": "^5.0.0",
        "@exodus/bytes": "^1.0.0-rc.6",
        "@exodus/crypto": "^1.0.0-rc.11",
        "minimalistic-assert": "^1.0.1"
      }
    },
    "node_modules/@exodus/bip39": {
      "version": "1.1.0",
      "resolved": "https://registry.npmjs.org/@exodus/bip39/-/bip39-1.1.0.tgz",
      "integrity": "sha512-lbhrVczlgzU/EuMbAU5eqpAOlZKEUnlWQBalKKLiO3LwoOvzI9Zau7COZ0g9pKykYiZKS2uG+36SegbNHh779Q==",
      "license": "MIT",
      "dependencies": {
        "@exodus/bytes": "^1.0.0",
        "@exodus/crypto": "^1.0.0-rc.26",
        "minimalistic-assert": "^1.0.1"
      }
    },
    "node_modules/@exodus/bytes": {
      "version": "1.15.1",
      "resolved": "https://registry.npmjs.org/@exodus/bytes/-/bytes-1.15.1.tgz",
      "integrity": "sha512-S6mL0yNB/Abt9Ei4tq8gDhcczc4S3+vQ4ra7vxnAf+YHC02srtqxKKZghx2Dq6p0e66THKwR6r8N6P95wEty7Q==",
      "license": "MIT",
      "engines": {
        "node": "^20.19.0 || ^22.12.0 || >=24.0.0"
      },
      "peerDependencies": {
        "@noble/hashes": "^1.8.0 || ^2.0.0"
      },
      "peerDependenciesMeta": {
        "@noble/hashes": {
          "optional": true
        }
      }
    },
    "node_modules/@exodus/crypto": {
      "version": "1.0.0-rc.34",
      "resolved": "https://registry.npmjs.org/@exodus/crypto/-/crypto-1.0.0-rc.34.tgz",
      "integrity": "sha512-vatlfAs8fBJ7drzM1uRtN4y8Q6CZix6sDwRSyuTMPzPFYWo97Fw/no3yztiVBPtaoXnG57+hpiXu3diltOGsfg==",
      "license": "MIT",
      "dependencies": {
        "@exodus/bytes": "^1.0.0-rc.4",
        "@noble/ciphers": "^1.2.1",
        "@noble/curves": "^2.0.1",
        "@noble/hashes": "^2.0.1",
        "pako": "^1.0.11"
      },
      "engines": {
        "node": "^20.19.0 || >=22.13.0"
      }
    },
    "node_modules/@exodus/key-identifier": {
      "version": "1.5.0",
      "resolved": "https://registry.npmjs.org/@exodus/key-identifier/-/key-identifier-1.5.0.tgz",
      "integrity": "sha512-bjSFMeJcm6XRz/zO4KiLwcrHvVRjK+8WNp8SEh9ZzldhgZhjLnz/R3Fb9mfwhCgv81YmZPklHvylirdsFJHbtw==",
      "license": "MIT",
      "dependencies": {
        "@exodus/key-utils": "^4.0.0",
        "minimalistic-assert": "^1.0.1"
      }
    },
    "node_modules/@exodus/key-utils": {
      "version": "4.1.0",
      "resolved": "https://registry.npmjs.org/@exodus/key-utils/-/key-utils-4.1.0.tgz",
      "integrity": "sha512-CLaXupJj4XHy+Y08Cv8sUDpAFCdYdw5pISKicUrKgaiqBpfgLapnmXc74+JDPiO8odJPjEJa0fNlJjMaDxllcw==",
      "license": "MIT",
      "dependencies": {
        "@exodus/bip32": "^4.2.0",
        "bip32-path": "^0.4.2",
        "minimalistic-assert": "^1.0.1"
      }
    },
    "node_modules/@exodus/keychain": {
      "version": "12.0.0",
      "resolved": "https://registry.npmjs.org/@exodus/keychain/-/keychain-12.0.0.tgz",
      "integrity": "sha512-A98tTmNFlh4EhDeRC5n4RuDcDM3GuNrSNnJaEq/OSkaAZxbFqTpExRmloIeyjhMxM2mT9tl3wmm8R2cL5qJEgA==",
      "license": "MIT",
      "dependencies": {
        "@exodus/basic-utils": "^5.0.0",
        "@exodus/bip32": "^4.2.0",
        "@exodus/bytes": "^1.0.0",
        "@exodus/crypto": "^1.0.0-rc.26",
        "@exodus/key-identifier": "^1.4.0",
        "@exodus/slip10": "^2.2.0",
        "minimalistic-assert": "^1.0.1"
      }
    },
    "node_modules/@exodus/slip10": {
      "version": "2.3.0",
      "resolved": "https://registry.npmjs.org/@exodus/slip10/-/slip10-2.3.0.tgz",
      "integrity": "sha512-51Gk/5W4xMQR9v5tr78XaBCuF7+kG90TpVxe8KRxM0s7zpyK81HCvGEoWw5XBRWQA8SgTIOqDM0t033X44bxUQ==",
      "license": "MIT",
      "dependencies": {
        "@exodus/crypto": "^1.0.0-rc.33",
        "bip32-path": "^0.4.2"
      }
    },
    "node_modules/@exodus/synchronized-time": {
      "version": "1.0.1",
      "resolved": "https://registry.npmjs.org/@exodus/synchronized-time/-/synchronized-time-1.0.1.tgz",
      "integrity": "sha512-jhPByvlFEb5zqMPph+3ZD6CrOS3PMkFX4wb2pNY0SnsFHx4lUdFnzEZj6I3p95PVTV6B5s7js3rkXCkxCKigQQ==",
      "license": "MIT"
    },
    "node_modules/@noble/ciphers": {
      "version": "1.3.0",
      "resolved": "https://registry.npmjs.org/@noble/ciphers/-/ciphers-1.3.0.tgz",
      "integrity": "sha512-2I0gnIVPtfnMw9ee9h1dJG7tp81+8Ob3OJb3Mv37rx5L40/b0i7djjCVvGOVqc9AEIQyvyu1i6ypKdFw8R8gQw==",
      "license": "MIT",
      "engines": {
        "node": "^14.21.3 || >=16"
      },
      "funding": {
        "url": "https://paulmillr.com/funding/"
      }
    },
    "node_modules/@noble/curves": {
      "version": "2.4.0",
      "resolved": "https://registry.npmjs.org/@noble/curves/-/curves-2.4.0.tgz",
      "integrity": "sha512-P4/62zrgfH33CneE3Dn4WhJVA22YUU0eR51wKIan4NVRvwsA0YnPTwWGpNbpuacSujmSFLvyzpyuR30+fbq2Ew==",
      "license": "MIT",
      "dependencies": {
        "@noble/hashes": "2.4.0"
      },
      "engines": {
        "node": ">= 20.19.0"
      },
      "funding": {
        "url": "https://paulmillr.com/funding/"
      }
    },
    "node_modules/@noble/hashes": {
      "version": "2.4.0",
      "resolved": "https://registry.npmjs.org/@noble/hashes/-/hashes-2.4.0.tgz",
      "integrity": "sha512-X5XaVWZIBCT7HHZGm5I7ZQXDwLG+bGXuSrMQAW+7Zvl87h1kmc1ZB1VSRJcpUfoUrGQp4Fkoxm5kZ+Ms+aW+eA==",
      "license": "MIT",
      "engines": {
        "node": ">= 20.19.0"
      },
      "funding": {
        "url": "https://paulmillr.com/funding/"
      }
    },
    "node_modules/bip32-path": {
      "version": "0.4.2",
      "resolved": "https://registry.npmjs.org/bip32-path/-/bip32-path-0.4.2.tgz",
      "integrity": "sha512-ZBMCELjJfcNMkz5bDuJ1WrYvjlhEF5k6mQ8vUr4N7MbVRsXei7ZOg8VhhwMfNiW68NWmLkgkc6WvTickrLGprQ==",
      "license": "MIT"
    },
    "node_modules/make-concurrent": {
      "version": "5.4.0",
      "resolved": "https://registry.npmjs.org/make-concurrent/-/make-concurrent-5.4.0.tgz",
      "integrity": "sha512-tkiSgRmGubhi8Jex3QVikIbpqtj4/eqxesGAtbLbwwR4sACKkAgY4Zvm2Rd3L8pHCnSjSNRa0y+km6knBnGYfA==",
      "license": "MIT",
      "engines": {
        "node": ">=7.6.0"
      }
    },
    "node_modules/minimalistic-assert": {
      "version": "1.0.1",
      "resolved": "https://registry.npmjs.org/minimalistic-assert/-/minimalistic-assert-1.0.1.tgz",
      "integrity": "sha512-UtJcAD4yEaGtjPezWuO9wC4nwUnVH/8/Im3yEHQP4b67cXlD/Qr9hdITCU1xDbSEXg2XKNaP8jsReV7vQd00/A==",
      "license": "ISC"
    },
    "node_modules/pako": {
      "version": "1.0.11",
      "resolved": "https://registry.npmjs.org/pako/-/pako-1.0.11.tgz",
      "integrity": "sha512-4hLB8Py4zZce5s4yd9XzopqwVv/yGNhV1Bl8NTmCq1763HeK2+EwVTv+leGeL13Dnh2wfbqowVPXCIO0z4taYw==",
      "license": "(MIT AND Zlib)"
    }
  }
}
